
Microsoft Visual Studio Solution File, Format Version 12.00
# Visual Studio Version 17
VisualStudioVersion = 17.8.34601.278
MinimumVisualStudioVersion = 10.0.40219.1
Project("{FAE04EC0-301F-11D3-BF4B-00C04F79EFBC}") = "SalesAscii", "SalesAscii\SalesAscii.csproj", "{0D995A98-B9E2-401D-8F0C-BA07B35C3B3A}"
EndProject
Project("{FAE04EC0-301F-11D3-BF4B-00C04F79EFBC}") = "DAL", "DAL\DAL.csproj", "{80A9ACA3-65AD-4F49-9436-619E3DDBB5AE}"
EndProject
Global
	GlobalSection(SolutionConfigurationPlatforms) = preSolution
		Debug|Any CPU = Debug|Any CPU
		Release|Any CPU = Release|Any CPU
	EndGlobalSection
	GlobalSection(ProjectConfigurationPlatforms) = postSolution
		{0D995A98-B9E2-401D-8F0C-BA07B35C3B3A}.Debug|Any CPU.ActiveCfg = Debug|Any CPU
		{0D995A98-B9E2-401D-8F0C-BA07B35C3B3A}.Debug|Any CPU.Build.0 = Debug|Any CPU
		{0D995A98-B9E2-401D-8F0C-BA07B35C3B3A}.Release|Any CPU.ActiveCfg = Release|Any CPU
		{0D995A98-B9E2-401D-8F0C-BA07B35C3B3A}.Release|Any CPU.Build.0 = Release|Any CPU
		{80A9ACA3-65AD-4F49-9436-619E3DDBB5AE}.Debug|Any CPU.ActiveCfg = Debug|Any CPU
		{80A9ACA3-65AD-4F49-9436-619E3DDBB5AE}.Debug|Any CPU.Build.0 = Debug|Any CPU
		{80A9ACA3-65AD-4F49-9436-619E3DDBB5AE}.Release|Any CPU.ActiveCfg = Release|Any CPU
		{80A9ACA3-65AD-4F49-9436-619E3DDBB5AE}.Release|Any CPU.Build.0 = Release|Any CPU
	EndGlobalSection
	GlobalSection(SolutionProperties) = preSolution
		HideSolutionNode = FALSE
	EndGlobalSection
	GlobalSection(ExtensibilityGlobals) = postSolution
		SolutionGuid = {45987E70-AE56-4414-B22A-88112428AA59}
	EndGlobalSection
EndGlobal
